
Microsoft Visual Studio Solution File, Format Version 12.00
# Visual Studio 15
VisualStudioVersion = 15.0.28010.2050
MinimumVisualStudioVersion = 10.0.40219.1
Project("{9A19103F-16F7-4668-BE54-9A1E7A4F7556}") = "SIC", "SIC.csproj", "{DF9D3052-0750-4534-AF20-9676AD418282}"
EndProject
Global
	GlobalSection(SolutionConfigurationPlatforms) = preSolution
		Debug|Any CPU = Debug|Any CPU
		Release|Any CPU = Release|Any CPU
	EndGlobalSection
	GlobalSection(ProjectConfigurationPlatforms) = postSolution
		{DF9D3052-0750-4534-AF20-9676AD418282}.Debug|Any CPU.ActiveCfg = Debug|Any CPU
		{DF9D3052-0750-4534-AF20-9676AD418282}.Debug|Any CPU.Build.0 = Debug|Any CPU
		{DF9D3052-0750-4534-AF20-9676AD418282}.Release|Any CPU.ActiveCfg = Release|Any CPU
		{DF9D3052-0750-4534-AF20-9676AD418282}.Release|Any CPU.Build.0 = Release|Any CPU
	EndGlobalSection
	GlobalSection(SolutionProperties) = preSolution
		HideSolutionNode = FALSE
	EndGlobalSection
	GlobalSection(ExtensibilityGlobals) = postSolution
		SolutionGuid = {DB1DAE6D-9DE3-47C7-8E31-A0748C2759CA}
	EndGlobalSection
EndGlobal
